
Microsoft Visual Studio Solution File, Format Version 12.00
# Visual Studio Version 17
VisualStudioVersion = 17.0.31903.59
MinimumVisualStudioVersion = 10.0.40219.1
Project("{FAE04EC0-301F-11D3-BF4B-00C04F79EFBC}") = "Singleton", "Singleton\Singleton.csproj", "{8A648113-15FC-411B-9A12-D216166B21E8}"
EndProject
Project("{FAE04EC0-301F-11D3-BF4B-00C04F79EFBC}") = "FactoryMethod", "FactoryMethod\FactoryMethod.csproj", "{EE781B97-6CE9-4E7B-9826-46D1F8F381B9}"
EndProject
Project("{FAE04EC0-301F-11D3-BF4B-00C04F79EFBC}") = "AbstractFactory", "AbstractFactory\AbstractFactory.csproj", "{6A06908E-A10F-4308-93B3-415ED21D7E44}"
EndProject
Project("{FAE04EC0-301F-11D3-BF4B-00C04F79EFBC}") = "Builder", "Builder\Builder.csproj", "{9B6389A3-AE5E-4A81-B120-6D99E7473200}"
EndProject
Project("{FAE04EC0-301F-11D3-BF4B-00C04F79EFBC}") = "Prototype", "Prototype\Prototype.csproj", "{1CE440C7-5361-477A-95FF-0C750CCFEEBF}"
EndProject
Project("{FAE04EC0-301F-11D3-BF4B-00C04F79EFBC}") = "Adapter", "Adapter\Adapter.csproj", "{1C877185-8B1A-435D-B282-8DBFAAFC7462}"
EndProject
Project("{FAE04EC0-301F-11D3-BF4B-00C04F79EFBC}") = "Bridge", "Bridge\Bridge.csproj", "{6BDD45DD-BE21-477F-9048-77F94E158CF0}"
EndProject
Project("{FAE04EC0-301F-11D3-BF4B-00C04F79EFBC}") = "Decorator", "Decorator\Decorator.csproj", "{EA58E202-D3E6-4058-9810-A70F7AA0DD87}"
EndProject
Project("{FAE04EC0-301F-11D3-BF4B-00C04F79EFBC}") = "Composite", "Composite\Composite.csproj", "{AD97FE79-6365-4FB3-B779-68A12919F7E9}"
EndProject
Project("{FAE04EC0-301F-11D3-BF4B-00C04F79EFBC}") = "Facade", "Facade\Facade.csproj", "{D00E6862-352B-40B4-86B6-6585CC8E691D}"
EndProject
Project("{FAE04EC0-301F-11D3-BF4B-00C04F79EFBC}") = "Proxy", "Proxy\Proxy.csproj", "{1B217DBA-6CBA-4C9F-AB5D-12C50F89184F}"
EndProject
Project("{FAE04EC0-301F-11D3-BF4B-00C04F79EFBC}") = "FlyWeight", "FlyWeight\FlyWeight.csproj", "{47BAFB98-EFFD-4185-A57B-647D7000F52C}"
EndProject
Project("{FAE04EC0-301F-11D3-BF4B-00C04F79EFBC}") = "TemplateMethod", "TemplateMethod\TemplateMethod.csproj", "{DCFB32C8-31BF-4741-A56A-13A992489AAF}"
EndProject
Project("{FAE04EC0-301F-11D3-BF4B-00C04F79EFBC}") = "Strategy", "Strategy\Strategy.csproj", "{92E4C2FB-C241-4A48-A783-AB27593FD32E}"
EndProject
Project("{FAE04EC0-301F-11D3-BF4B-00C04F79EFBC}") = "Command", "Command\Command.csproj", "{FB068A99-91D0-4552-84F8-FFB2678283E0}"
EndProject
Project("{FAE04EC0-301F-11D3-BF4B-00C04F79EFBC}") = "Memento", "Memento\Memento.csproj", "{89C3432E-7545-4AC4-9EA8-2754CEEF5B15}"
EndProject
Project("{FAE04EC0-301F-11D3-BF4B-00C04F79EFBC}") = "Mediator", "Mediator\Mediator.csproj", "{77C220AC-5922-40E7-B670-FF69548A5F67}"
EndProject
Project("{FAE04EC0-301F-11D3-BF4B-00C04F79EFBC}") = "ChainOfResponsibility", "ChainOfResponsibility\ChainOfResponsibility.csproj", "{3892C86C-9C3E-4259-B6B7-6F60790F254F}"
EndProject
Project("{FAE04EC0-301F-11D3-BF4B-00C04F79EFBC}") = "Observer", "Observer\Observer.csproj", "{F6F4C959-77E8-4690-8B2A-54BA4253FC36}"
EndProject
Project("{FAE04EC0-301F-11D3-BF4B-00C04F79EFBC}") = "State", "State\State.csproj", "{70EBEDED-44DD-4601-8179-EF8DFB7476EA}"
EndProject
Project("{FAE04EC0-301F-11D3-BF4B-00C04F79EFBC}") = "Iterator", "Iterator\Iterator.csproj", "{1F3F937D-8088-4C9A-AEB5-F64D9A97F614}"
EndProject
Global
	GlobalSection(SolutionConfigurationPlatforms) = preSolution
		Debug|Any CPU = Debug|Any CPU
		Debug|x64 = Debug|x64
		Debug|x86 = Debug|x86
		Release|Any CPU = Release|Any CPU
		Release|x64 = Release|x64
		Release|x86 = Release|x86
	EndGlobalSection
	GlobalSection(ProjectConfigurationPlatforms) = postSolution
		{8A648113-15FC-411B-9A12-D216166B21E8}.Debug|Any CPU.ActiveCfg = Debug|Any CPU
		{8A648113-15FC-411B-9A12-D216166B21E8}.Debug|Any CPU.Build.0 = Debug|Any CPU
		{8A648113-15FC-411B-9A12-D216166B21E8}.Debug|x64.ActiveCfg = Debug|Any CPU
		{8A648113-15FC-411B-9A12-D216166B21E8}.Debug|x64.Build.0 = Debug|Any CPU
		{8A648113-15FC-411B-9A12-D216166B21E8}.Debug|x86.ActiveCfg = Debug|Any CPU
		{8A648113-15FC-411B-9A12-D216166B21E8}.Debug|x86.Build.0 = Debug|Any CPU
		{8A648113-15FC-411B-9A12-D216166B21E8}.Release|Any CPU.ActiveCfg = Release|Any CPU
		{8A648113-15FC-411B-9A12-D216166B21E8}.Release|Any CPU.Build.0 = Release|Any CPU
		{8A648113-15FC-411B-9A12-D216166B21E8}.Release|x64.ActiveCfg = Release|Any CPU
		{8A648113-15FC-411B-9A12-D216166B21E8}.Release|x64.Build.0 = Release|Any CPU
		{8A648113-15FC-411B-9A12-D216166B21E8}.Release|x86.ActiveCfg = Release|Any CPU
		{8A648113-15FC-411B-9A12-D216166B21E8}.Release|x86.Build.0 = Release|Any CPU
		{EE781B97-6CE9-4E7B-9826-46D1F8F381B9}.Debug|Any CPU.ActiveCfg = Debug|Any CPU
		{EE781B97-6CE9-4E7B-9826-46D1F8F381B9}.Debug|Any CPU.Build.0 = Debug|Any CPU
		{EE781B97-6CE9-4E7B-9826-46D1F8F381B9}.Debug|x64.ActiveCfg = Debug|Any CPU
		{EE781B97-6CE9-4E7B-9826-46D1F8F381B9}.Debug|x64.Build.0 = Debug|Any CPU
		{EE781B97-6CE9-4E7B-9826-46D1F8F381B9}.Debug|x86.ActiveCfg = Debug|Any CPU
		{EE781B97-6CE9-4E7B-9826-46D1F8F381B9}.Debug|x86.Build.0 = Debug|Any CPU
		{EE781B97-6CE9-4E7B-9826-46D1F8F381B9}.Release|Any CPU.ActiveCfg = Release|Any CPU
		{EE781B97-6CE9-4E7B-9826-46D1F8F381B9}.Release|Any CPU.Build.0 = Release|Any CPU
		{EE781B97-6CE9-4E7B-9826-46D1F8F381B9}.Release|x64.ActiveCfg = Release|Any CPU
		{EE781B97-6CE9-4E7B-9826-46D1F8F381B9}.Release|x64.Build.0 = Release|Any CPU
		{EE781B97-6CE9-4E7B-9826-46D1F8F381B9}.Release|x86.ActiveCfg = Release|Any CPU
		{EE781B97-6CE9-4E7B-9826-46D1F8F381B9}.Release|x86.Build.0 = Release|Any CPU
		{6A06908E-A10F-4308-93B3-415ED21D7E44}.Debug|Any CPU.ActiveCfg = Debug|Any CPU
		{6A06908E-A10F-4308-93B3-415ED21D7E44}.Debug|Any CPU.Build.0 = Debug|Any CPU
		{6A06908E-A10F-4308-93B3-415ED21D7E44}.Debug|x64.ActiveCfg = Debug|Any CPU
		{6A06908E-A10F-4308-93B3-415ED21D7E44}.Debug|x64.Build.0 = Debug|Any CPU
		{6A06908E-A10F-4308-93B3-415ED21D7E44}.Debug|x86.ActiveCfg = Debug|Any CPU
		{6A06908E-A10F-4308-93B3-415ED21D7E44}.Debug|x86.Build.0 = Debug|Any CPU
		{6A06908E-A10F-4308-93B3-415ED21D7E44}.Release|Any CPU.ActiveCfg = Release|Any CPU
		{6A06908E-A10F-4308-93B3-415ED21D7E44}.Release|Any CPU.Build.0 = Release|Any CPU
		{6A06908E-A10F-4308-93B3-415ED21D7E44}.Release|x64.ActiveCfg = Release|Any CPU
		{6A06908E-A10F-4308-93B3-415ED21D7E44}.Release|x64.Build.0 = Release|Any CPU
		{6A06908E-A10F-4308-93B3-415ED21D7E44}.Release|x86.ActiveCfg = Release|Any CPU
		{6A06908E-A10F-4308-93B3-415ED21D7E44}.Release|x86.Build.0 = Release|Any CPU
		{9B6389A3-AE5E-4A81-B120-6D99E7473200}.Debug|Any CPU.ActiveCfg = Debug|Any CPU
		{9B6389A3-AE5E-4A81-B120-6D99E7473200}.Debug|Any CPU.Build.0 = Debug|Any CPU
		{9B6389A3-AE5E-4A81-B120-6D99E7473200}.Debug|x64.ActiveCfg = Debug|Any CPU
		{9B6389A3-AE5E-4A81-B120-6D99E7473200}.Debug|x64.Build.0 = Debug|Any CPU
		{9B6389A3-AE5E-4A81-B120-6D99E7473200}.Debug|x86.ActiveCfg = Debug|Any CPU
		{9B6389A3-AE5E-4A81-B120-6D99E7473200}.Debug|x86.Build.0 = Debug|Any CPU
		{9B6389A3-AE5E-4A81-B120-6D99E7473200}.Release|Any CPU.ActiveCfg = Release|Any CPU
		{9B6389A3-AE5E-4A81-B120-6D99E7473200}.Release|Any CPU.Build.0 = Release|Any CPU
		{9B6389A3-AE5E-4A81-B120-6D99E7473200}.Release|x64.ActiveCfg = Release|Any CPU
		{9B6389A3-AE5E-4A81-B120-6D99E7473200}.Release|x64.Build.0 = Release|Any CPU
		{9B6389A3-AE5E-4A81-B120-6D99E7473200}.Release|x86.ActiveCfg = Release|Any CPU
		{9B6389A3-AE5E-4A81-B120-6D99E7473200}.Release|x86.Build.0 = Release|Any CPU
		{1CE440C7-5361-477A-95FF-0C750CCFEEBF}.Debug|Any CPU.ActiveCfg = Debug|Any CPU
		{1CE440C7-5361-477A-95FF-0C750CCFEEBF}.Debug|Any CPU.Build.0 = Debug|Any CPU
		{1CE440C7-5361-477A-95FF-0C750CCFEEBF}.Debug|x64.ActiveCfg = Debug|Any CPU
		{1CE440C7-5361-477A-95FF-0C750CCFEEBF}.Debug|x64.Build.0 = Debug|Any CPU
		{1CE440C7-5361-477A-95FF-0C750CCFEEBF}.Debug|x86.ActiveCfg = Debug|Any CPU
		{1CE440C7-5361-477A-95FF-0C750CCFEEBF}.Debug|x86.Build.0 = Debug|Any CPU
		{1CE440C7-5361-477A-95FF-0C750CCFEEBF}.Release|Any CPU.ActiveCfg = Release|Any CPU
		{1CE440C7-5361-477A-95FF-0C750CCFEEBF}.Release|Any CPU.Build.0 = Release|Any CPU
		{1CE440C7-5361-477A-95FF-0C750CCFEEBF}.Release|x64.ActiveCfg = Release|Any CPU
		{1CE440C7-5361-477A-95FF-0C750CCFEEBF}.Release|x64.Build.0 = Release|Any CPU
		{1CE440C7-5361-477A-95FF-0C750CCFEEBF}.Release|x86.ActiveCfg = Release|Any CPU
		{1CE440C7-5361-477A-95FF-0C750CCFEEBF}.Release|x86.Build.0 = Release|Any CPU
		{1C877185-8B1A-435D-B282-8DBFAAFC7462}.Debug|Any CPU.ActiveCfg = Debug|Any CPU
		{1C877185-8B1A-435D-B282-8DBFAAFC7462}.Debug|Any CPU.Build.0 = Debug|Any CPU
		{1C877185-8B1A-435D-B282-8DBFAAFC7462}.Debug|x64.ActiveCfg = Debug|Any CPU
		{1C877185-8B1A-435D-B282-8DBFAAFC7462}.Debug|x64.Build.0 = Debug|Any CPU
		{1C877185-8B1A-435D-B282-8DBFAAFC7462}.Debug|x86.ActiveCfg = Debug|Any CPU
		{1C877185-8B1A-435D-B282-8DBFAAFC7462}.Debug|x86.Build.0 = Debug|Any CPU
		{1C877185-8B1A-435D-B282-8DBFAAFC7462}.Release|Any CPU.ActiveCfg = Release|Any CPU
		{1C877185-8B1A-435D-B282-8DBFAAFC7462}.Release|Any CPU.Build.0 = Release|Any CPU
		{1C877185-8B1A-435D-B282-8DBFAAFC7462}.Release|x64.ActiveCfg = Release|Any CPU
		{1C877185-8B1A-435D-B282-8DBFAAFC7462}.Release|x64.Build.0 = Release|Any CPU
		{1C877185-8B1A-435D-B282-8DBFAAFC7462}.Release|x86.ActiveCfg = Release|Any CPU
		{1C877185-8B1A-435D-B282-8DBFAAFC7462}.Release|x86.Build.0 = Release|Any CPU
		{6BDD45DD-BE21-477F-9048-77F94E158CF0}.Debug|Any CPU.ActiveCfg = Debug|Any CPU
		{6BDD45DD-BE21-477F-9048-77F94E158CF0}.Debug|Any CPU.Build.0 = Debug|Any CPU
		{6BDD45DD-BE21-477F-9048-77F94E158CF0}.Debug|x64.ActiveCfg = Debug|Any CPU
		{6BDD45DD-BE21-477F-9048-77F94E158CF0}.Debug|x64.Build.0 = Debug|Any CPU
		{6BDD45DD-BE21-477F-9048-77F94E158CF0}.Debug|x86.ActiveCfg = Debug|Any CPU
		{6BDD45DD-BE21-477F-9048-77F94E158CF0}.Debug|x86.Build.0 = Debug|Any CPU
		{6BDD45DD-BE21-477F-9048-77F94E158CF0}.Release|Any CPU.ActiveCfg = Release|Any CPU
		{6BDD45DD-BE21-477F-9048-77F94E158CF0}.Release|Any CPU.Build.0 = Release|Any CPU
		{6BDD45DD-BE21-477F-9048-77F94E158CF0}.Release|x64.ActiveCfg = Release|Any CPU
		{6BDD45DD-BE21-477F-9048-77F94E158CF0}.Release|x64.Build.0 = Release|Any CPU
		{6BDD45DD-BE21-477F-9048-77F94E158CF0}.Release|x86.ActiveCfg = Release|Any CPU
		{6BDD45DD-BE21-477F-9048-77F94E158CF0}.Release|x86.Build.0 = Release|Any CPU
		{EA58E202-D3E6-4058-9810-A70F7AA0DD87}.Debug|Any CPU.ActiveCfg = Debug|Any CPU
		{EA58E202-D3E6-4058-9810-A70F7AA0DD87}.Debug|Any CPU.Build.0 = Debug|Any CPU
		{EA58E202-D3E6-4058-9810-A70F7AA0DD87}.Debug|x64.ActiveCfg = Debug|Any CPU
		{EA58E202-D3E6-4058-9810-A70F7AA0DD87}.Debug|x64.Build.0 = Debug|Any CPU
		{EA58E202-D3E6-4058-9810-A70F7AA0DD87}.Debug|x86.ActiveCfg = Debug|Any CPU
		{EA58E202-D3E6-4058-9810-A70F7AA0DD87}.Debug|x86.Build.0 = Debug|Any CPU
		{EA58E202-D3E6-4058-9810-A70F7AA0DD87}.Release|Any CPU.ActiveCfg = Release|Any CPU
		{EA58E202-D3E6-4058-9810-A70F7AA0DD87}.Release|Any CPU.Build.0 = Release|Any CPU
		{EA58E202-D3E6-4058-9810-A70F7AA0DD87}.Release|x64.ActiveCfg = Release|Any CPU
		{EA58E202-D3E6-4058-9810-A70F7AA0DD87}.Release|x64.Build.0 = Release|Any CPU
		{EA58E202-D3E6-4058-9810-A70F7AA0DD87}.Release|x86.ActiveCfg = Release|Any CPU
		{EA58E202-D3E6-4058-9810-A70F7AA0DD87}.Release|x86.Build.0 = Release|Any CPU
		{AD97FE79-6365-4FB3-B779-68A12919F7E9}.Debug|Any CPU.ActiveCfg = Debug|Any CPU
		{AD97FE79-6365-4FB3-B779-68A12919F7E9}.Debug|Any CPU.Build.0 = Debug|Any CPU
		{AD97FE79-6365-4FB3-B779-68A12919F7E9}.Debug|x64.ActiveCfg = Debug|Any CPU
		{AD97FE79-6365-4FB3-B779-68A12919F7E9}.Debug|x64.Build.0 = Debug|Any CPU
		{AD97FE79-6365-4FB3-B779-68A12919F7E9}.Debug|x86.ActiveCfg = Debug|Any CPU
		{AD97FE79-6365-4FB3-B779-68A12919F7E9}.Debug|x86.Build.0 = Debug|Any CPU
		{AD97FE79-6365-4FB3-B779-68A12919F7E9}.Release|Any CPU.ActiveCfg = Release|Any CPU
		{AD97FE79-6365-4FB3-B779-68A12919F7E9}.Release|Any CPU.Build.0 = Release|Any CPU
		{AD97FE79-6365-4FB3-B779-68A12919F7E9}.Release|x64.ActiveCfg = Release|Any CPU
		{AD97FE79-6365-4FB3-B779-68A12919F7E9}.Release|x64.Build.0 = Release|Any CPU
		{AD97FE79-6365-4FB3-B779-68A12919F7E9}.Release|x86.ActiveCfg = Release|Any CPU
		{AD97FE79-6365-4FB3-B779-68A12919F7E9}.Release|x86.Build.0 = Release|Any CPU
		{D00E6862-352B-40B4-86B6-6585CC8E691D}.Debug|Any CPU.ActiveCfg = Debug|Any CPU
		{D00E6862-352B-40B4-86B6-6585CC8E691D}.Debug|Any CPU.Build.0 = Debug|Any CPU
		{D00E6862-352B-40B4-86B6-6585CC8E691D}.Debug|x64.ActiveCfg = Debug|Any CPU
		{D00E6862-352B-40B4-86B6-6585CC8E691D}.Debug|x64.Build.0 = Debug|Any CPU
		{D00E6862-352B-40B4-86B6-6585CC8E691D}.Debug|x86.ActiveCfg = Debug|Any CPU
		{D00E6862-352B-40B4-86B6-6585CC8E691D}.Debug|x86.Build.0 = Debug|Any CPU
		{D00E6862-352B-40B4-86B6-6585CC8E691D}.Release|Any CPU.ActiveCfg = Release|Any CPU
		{D00E6862-352B-40B4-86B6-6585CC8E691D}.Release|Any CPU.Build.0 = Release|Any CPU
		{D00E6862-352B-40B4-86B6-6585CC8E691D}.Release|x64.ActiveCfg = Release|Any CPU
		{D00E6862-352B-40B4-86B6-6585CC8E691D}.Release|x64.Build.0 = Release|Any CPU
		{D00E6862-352B-40B4-86B6-6585CC8E691D}.Release|x86.ActiveCfg = Release|Any CPU
		{D00E6862-352B-40B4-86B6-6585CC8E691D}.Release|x86.Build.0 = Release|Any CPU
		{1B217DBA-6CBA-4C9F-AB5D-12C50F89184F}.Debug|Any CPU.ActiveCfg = Debug|Any CPU
		{1B217DBA-6CBA-4C9F-AB5D-12C50F89184F}.Debug|Any CPU.Build.0 = Debug|Any CPU
		{1B217DBA-6CBA-4C9F-AB5D-12C50F89184F}.Debug|x64.ActiveCfg = Debug|Any CPU
		{1B217DBA-6CBA-4C9F-AB5D-12C50F89184F}.Debug|x64.Build.0 = Debug|Any CPU
		{1B217DBA-6CBA-4C9F-AB5D-12C50F89184F}.Debug|x86.ActiveCfg = Debug|Any CPU
		{1B217DBA-6CBA-4C9F-AB5D-12C50F89184F}.Debug|x86.Build.0 = Debug|Any CPU
		{1B217DBA-6CBA-4C9F-AB5D-12C50F89184F}.Release|Any CPU.ActiveCfg = Release|Any CPU
		{1B217DBA-6CBA-4C9F-AB5D-12C50F89184F}.Release|Any CPU.Build.0 = Release|Any CPU
		{1B217DBA-6CBA-4C9F-AB5D-12C50F89184F}.Release|x64.ActiveCfg = Release|Any CPU
		{1B217DBA-6CBA-4C9F-AB5D-12C50F89184F}.Release|x64.Build.0 = Release|Any CPU
		{1B217DBA-6CBA-4C9F-AB5D-12C50F89184F}.Release|x86.ActiveCfg = Release|Any CPU
		{1B217DBA-6CBA-4C9F-AB5D-12C50F89184F}.Release|x86.Build.0 = Release|Any CPU
		{47BAFB98-EFFD-4185-A57B-647D7000F52C}.Debug|Any CPU.ActiveCfg = Debug|Any CPU
		{47BAFB98-EFFD-4185-A57B-647D7000F52C}.Debug|Any CPU.Build.0 = Debug|Any CPU
		{47BAFB98-EFFD-4185-A57B-647D7000F52C}.Debug|x64.ActiveCfg = Debug|Any CPU
		{47BAFB98-EFFD-4185-A57B-647D7000F52C}.Debug|x64.Build.0 = Debug|Any CPU
		{47BAFB98-EFFD-4185-A57B-647D7000F52C}.Debug|x86.ActiveCfg = Debug|Any CPU
		{47BAFB98-EFFD-4185-A57B-647D7000F52C}.Debug|x86.Build.0 = Debug|Any CPU
		{47BAFB98-EFFD-4185-A57B-647D7000F52C}.Release|Any CPU.ActiveCfg = Release|Any CPU
		{47BAFB98-EFFD-4185-A57B-647D7000F52C}.Release|Any CPU.Build.0 = Release|Any CPU
		{47BAFB98-EFFD-4185-A57B-647D7000F52C}.Release|x64.ActiveCfg = Release|Any CPU
		{47BAFB98-EFFD-4185-A57B-647D7000F52C}.Release|x64.Build.0 = Release|Any CPU
		{47BAFB98-EFFD-4185-A57B-647D7000F52C}.Release|x86.ActiveCfg = Release|Any CPU
		{47BAFB98-EFFD-4185-A57B-647D7000F52C}.Release|x86.Build.0 = Release|Any CPU
		{DCFB32C8-31BF-4741-A56A-13A992489AAF}.Debug|Any CPU.ActiveCfg = Debug|Any CPU
		{DCFB32C8-31BF-4741-A56A-13A992489AAF}.Debug|Any CPU.Build.0 = Debug|Any CPU
		{DCFB32C8-31BF-4741-A56A-13A992489AAF}.Debug|x64.ActiveCfg = Debug|Any CPU
		{DCFB32C8-31BF-4741-A56A-13A992489AAF}.Debug|x64.Build.0 = Debug|Any CPU
		{DCFB32C8-31BF-4741-A56A-13A992489AAF}.Debug|x86.ActiveCfg = Debug|Any CPU
		{DCFB32C8-31BF-4741-A56A-13A992489AAF}.Debug|x86.Build.0 = Debug|Any CPU
		{DCFB32C8-31BF-4741-A56A-13A992489AAF}.Release|Any CPU.ActiveCfg = Release|Any CPU
		{DCFB32C8-31BF-4741-A56A-13A992489AAF}.Release|Any CPU.Build.0 = Release|Any CPU
		{DCFB32C8-31BF-4741-A56A-13A992489AAF}.Release|x64.ActiveCfg = Release|Any CPU
		{DCFB32C8-31BF-4741-A56A-13A992489AAF}.Release|x64.Build.0 = Release|Any CPU
		{DCFB32C8-31BF-4741-A56A-13A992489AAF}.Release|x86.ActiveCfg = Release|Any CPU
		{DCFB32C8-31BF-4741-A56A-13A992489AAF}.Release|x86.Build.0 = Release|Any CPU
		{92E4C2FB-C241-4A48-A783-AB27593FD32E}.Debug|Any CPU.ActiveCfg = Debug|Any CPU
		{92E4C2FB-C241-4A48-A783-AB27593FD32E}.Debug|Any CPU.Build.0 = Debug|Any CPU
		{92E4C2FB-C241-4A48-A783-AB27593FD32E}.Debug|x64.ActiveCfg = Debug|Any CPU
		{92E4C2FB-C241-4A48-A783-AB27593FD32E}.Debug|x64.Build.0 = Debug|Any CPU
		{92E4C2FB-C241-4A48-A783-AB27593FD32E}.Debug|x86.ActiveCfg = Debug|Any CPU
		{92E4C2FB-C241-4A48-A783-AB27593FD32E}.Debug|x86.Build.0 = Debug|Any CPU
		{92E4C2FB-C241-4A48-A783-AB27593FD32E}.Release|Any CPU.ActiveCfg = Release|Any CPU
		{92E4C2FB-C241-4A48-A783-AB27593FD32E}.Release|Any CPU.Build.0 = Release|Any CPU
		{92E4C2FB-C241-4A48-A783-AB27593FD32E}.Release|x64.ActiveCfg = Release|Any CPU
		{92E4C2FB-C241-4A48-A783-AB27593FD32E}.Release|x64.Build.0 = Release|Any CPU
		{92E4C2FB-C241-4A48-A783-AB27593FD32E}.Release|x86.ActiveCfg = Release|Any CPU
		{92E4C2FB-C241-4A48-A783-AB27593FD32E}.Release|x86.Build.0 = Release|Any CPU
		{FB068A99-91D0-4552-84F8-FFB2678283E0}.Debug|Any CPU.ActiveCfg = Debug|Any CPU
		{FB068A99-91D0-4552-84F8-FFB2678283E0}.Debug|Any CPU.Build.0 = Debug|Any CPU
		{FB068A99-91D0-4552-84F8-FFB2678283E0}.Debug|x64.ActiveCfg = Debug|Any CPU
		{FB068A99-91D0-4552-84F8-FFB2678283E0}.Debug|x64.Build.0 = Debug|Any CPU
		{FB068A99-91D0-4552-84F8-FFB2678283E0}.Debug|x86.ActiveCfg = Debug|Any CPU
		{FB068A99-91D0-4552-84F8-FFB2678283E0}.Debug|x86.Build.0 = Debug|Any CPU
		{FB068A99-91D0-4552-84F8-FFB2678283E0}.Release|Any CPU.ActiveCfg = Release|Any CPU
		{FB068A99-91D0-4552-84F8-FFB2678283E0}.Release|Any CPU.Build.0 = Release|Any CPU
		{FB068A99-91D0-4552-84F8-FFB2678283E0}.Release|x64.ActiveCfg = Release|Any CPU
		{FB068A99-91D0-4552-84F8-FFB2678283E0}.Release|x64.Build.0 = Release|Any CPU
		{FB068A99-91D0-4552-84F8-FFB2678283E0}.Release|x86.ActiveCfg = Release|Any CPU
		{FB068A99-91D0-4552-84F8-FFB2678283E0}.Release|x86.Build.0 = Release|Any CPU
		{89C3432E-7545-4AC4-9EA8-2754CEEF5B15}.Debug|Any CPU.ActiveCfg = Debug|Any CPU
		{89C3432E-7545-4AC4-9EA8-2754CEEF5B15}.Debug|Any CPU.Build.0 = Debug|Any CPU
		{89C3432E-7545-4AC4-9EA8-2754CEEF5B15}.Debug|x64.ActiveCfg = Debug|Any CPU
		{89C3432E-7545-4AC4-9EA8-2754CEEF5B15}.Debug|x64.Build.0 = Debug|Any CPU
		{89C3432E-7545-4AC4-9EA8-2754CEEF5B15}.Debug|x86.ActiveCfg = Debug|Any CPU
		{89C3432E-7545-4AC4-9EA8-2754CEEF5B15}.Debug|x86.Build.0 = Debug|Any CPU
		{89C3432E-7545-4AC4-9EA8-2754CEEF5B15}.Release|Any CPU.ActiveCfg = Release|Any CPU
		{89C3432E-7545-4AC4-9EA8-2754CEEF5B15}.Release|Any CPU.Build.0 = Release|Any CPU
		{89C3432E-7545-4AC4-9EA8-2754CEEF5B15}.Release|x64.ActiveCfg = Release|Any CPU
		{89C3432E-7545-4AC4-9EA8-2754CEEF5B15}.Release|x64.Build.0 = Release|Any CPU
		{89C3432E-7545-4AC4-9EA8-2754CEEF5B15}.Release|x86.ActiveCfg = Release|Any CPU
		{89C3432E-7545-4AC4-9EA8-2754CEEF5B15}.Release|x86.Build.0 = Release|Any CPU
		{77C220AC-5922-40E7-B670-FF69548A5F67}.Debug|Any CPU.ActiveCfg = Debug|Any CPU
		{77C220AC-5922-40E7-B670-FF69548A5F67}.Debug|Any CPU.Build.0 = Debug|Any CPU
		{77C220AC-5922-40E7-B670-FF69548A5F67}.Debug|x64.ActiveCfg = Debug|Any CPU
		{77C220AC-5922-40E7-B670-FF69548A5F67}.Debug|x64.Build.0 = Debug|Any CPU
		{77C220AC-5922-40E7-B670-FF69548A5F67}.Debug|x86.ActiveCfg = Debug|Any CPU
		{77C220AC-5922-40E7-B670-FF69548A5F67}.Debug|x86.Build.0 = Debug|Any CPU
		{77C220AC-5922-40E7-B670-FF69548A5F67}.Release|Any CPU.ActiveCfg = Release|Any CPU
		{77C220AC-5922-40E7-B670-FF69548A5F67}.Release|Any CPU.Build.0 = Release|Any CPU
		{77C220AC-5922-40E7-B670-FF69548A5F67}.Release|x64.ActiveCfg = Release|Any CPU
		{77C220AC-5922-40E7-B670-FF69548A5F67}.Release|x64.Build.0 = Release|Any CPU
		{77C220AC-5922-40E7-B670-FF69548A5F67}.Release|x86.ActiveCfg = Release|Any CPU
		{77C220AC-5922-40E7-B670-FF69548A5F67}.Release|x86.Build.0 = Release|Any CPU
		{3892C86C-9C3E-4259-B6B7-6F60790F254F}.Debug|Any CPU.ActiveCfg = Debug|Any CPU
		{3892C86C-9C3E-4259-B6B7-6F60790F254F}.Debug|Any CPU.Build.0 = Debug|Any CPU
		{3892C86C-9C3E-4259-B6B7-6F60790F254F}.Debug|x64.ActiveCfg = Debug|Any CPU
		{3892C86C-9C3E-4259-B6B7-6F60790F254F}.Debug|x64.Build.0 = Debug|Any CPU
		{3892C86C-9C3E-4259-B6B7-6F60790F254F}.Debug|x86.ActiveCfg = Debug|Any CPU
		{3892C86C-9C3E-4259-B6B7-6F60790F254F}.Debug|x86.Build.0 = Debug|Any CPU
		{3892C86C-9C3E-4259-B6B7-6F60790F254F}.Release|Any CPU.ActiveCfg = Release|Any CPU
		{3892C86C-9C3E-4259-B6B7-6F60790F254F}.Release|Any CPU.Build.0 = Release|Any CPU
		{3892C86C-9C3E-4259-B6B7-6F60790F254F}.Release|x64.ActiveCfg = Release|Any CPU
		{3892C86C-9C3E-4259-B6B7-6F60790F254F}.Release|x64.Build.0 = Release|Any CPU
		{3892C86C-9C3E-4259-B6B7-6F60790F254F}.Release|x86.ActiveCfg = Release|Any CPU
		{3892C86C-9C3E-4259-B6B7-6F60790F254F}.Release|x86.Build.0 = Release|Any CPU
		{F6F4C959-77E8-4690-8B2A-54BA4253FC36}.Debug|Any CPU.ActiveCfg = Debug|Any CPU
		{F6F4C959-77E8-4690-8B2A-54BA4253FC36}.Debug|Any CPU.Build.0 = Debug|Any CPU
		{F6F4C959-77E8-4690-8B2A-54BA4253FC36}.Debug|x64.ActiveCfg = Debug|Any CPU
		{F6F4C959-77E8-4690-8B2A-54BA4253FC36}.Debug|x64.Build.0 = Debug|Any CPU
		{F6F4C959-77E8-4690-8B2A-54BA4253FC36}.Debug|x86.ActiveCfg = Debug|Any CPU
		{F6F4C959-77E8-4690-8B2A-54BA4253FC36}.Debug|x86.Build.0 = Debug|Any CPU
		{F6F4C959-77E8-4690-8B2A-54BA4253FC36}.Release|Any CPU.ActiveCfg = Release|Any CPU
		{F6F4C959-77E8-4690-8B2A-54BA4253FC36}.Release|Any CPU.Build.0 = Release|Any CPU
		{F6F4C959-77E8-4690-8B2A-54BA4253FC36}.Release|x64.ActiveCfg = Release|Any CPU
		{F6F4C959-77E8-4690-8B2A-54BA4253FC36}.Release|x64.Build.0 = Release|Any CPU
		{F6F4C959-77E8-4690-8B2A-54BA4253FC36}.Release|x86.ActiveCfg = Release|Any CPU
		{F6F4C959-77E8-4690-8B2A-54BA4253FC36}.Release|x86.Build.0 = Release|Any CPU
		{70EBEDED-44DD-4601-8179-EF8DFB7476EA}.Debug|Any CPU.ActiveCfg = Debug|Any CPU
		{70EBEDED-44DD-4601-8179-EF8DFB7476EA}.Debug|Any CPU.Build.0 = Debug|Any CPU
		{70EBEDED-44DD-4601-8179-EF8DFB7476EA}.Debug|x64.ActiveCfg = Debug|Any CPU
		{70EBEDED-44DD-4601-8179-EF8DFB7476EA}.Debug|x64.Build.0 = Debug|Any CPU
		{70EBEDED-44DD-4601-8179-EF8DFB7476EA}.Debug|x86.ActiveCfg = Debug|Any CPU
		{70EBEDED-44DD-4601-8179-EF8DFB7476EA}.Debug|x86.Build.0 = Debug|Any CPU
		{70EBEDED-44DD-4601-8179-EF8DFB7476EA}.Release|Any CPU.ActiveCfg = Release|Any CPU
		{70EBEDED-44DD-4601-8179-EF8DFB7476EA}.Release|Any CPU.Build.0 = Release|Any CPU
		{70EBEDED-44DD-4601-8179-EF8DFB7476EA}.Release|x64.ActiveCfg = Release|Any CPU
		{70EBEDED-44DD-4601-8179-EF8DFB7476EA}.Release|x64.Build.0 = Release|Any CPU
		{70EBEDED-44DD-4601-8179-EF8DFB7476EA}.Release|x86.ActiveCfg = Release|Any CPU
		{70EBEDED-44DD-4601-8179-EF8DFB7476EA}.Release|x86.Build.0 = Release|Any CPU
		{1F3F937D-8088-4C9A-AEB5-F64D9A97F614}.Debug|Any CPU.ActiveCfg = Debug|Any CPU
		{1F3F937D-8088-4C9A-AEB5-F64D9A97F614}.Debug|Any CPU.Build.0 = Debug|Any CPU
		{1F3F937D-8088-4C9A-AEB5-F64D9A97F614}.Debug|x64.ActiveCfg = Debug|Any CPU
		{1F3F937D-8088-4C9A-AEB5-F64D9A97F614}.Debug|x64.Build.0 = Debug|Any CPU
		{1F3F937D-8088-4C9A-AEB5-F64D9A97F614}.Debug|x86.ActiveCfg = Debug|Any CPU
		{1F3F937D-8088-4C9A-AEB5-F64D9A97F614}.Debug|x86.Build.0 = Debug|Any CPU
		{1F3F937D-8088-4C9A-AEB5-F64D9A97F614}.Release|Any CPU.ActiveCfg = Release|Any CPU
		{1F3F937D-8088-4C9A-AEB5-F64D9A97F614}.Release|Any CPU.Build.0 = Release|Any CPU
		{1F3F937D-8088-4C9A-AEB5-F64D9A97F614}.Release|x64.ActiveCfg = Release|Any CPU
		{1F3F937D-8088-4C9A-AEB5-F64D9A97F614}.Release|x64.Build.0 = Release|Any CPU
		{1F3F937D-8088-4C9A-AEB5-F64D9A97F614}.Release|x86.ActiveCfg = Release|Any CPU
		{1F3F937D-8088-4C9A-AEB5-F64D9A97F614}.Release|x86.Build.0 = Release|Any CPU
	EndGlobalSection
	GlobalSection(SolutionProperties) = preSolution
		HideSolutionNode = FALSE
	EndGlobalSection
EndGlobal
