
Microsoft Visual Studio Solution File, Format Version 12.00
# Visual Studio Version 17
VisualStudioVersion = 17.0.31903.59
MinimumVisualStudioVersion = 10.0.40219.1
Project("{FAE04EC0-301F-11D3-BF4B-00C04F79EFBC}") = "Singleton", "Singleton\Singleton.csproj", "{8A648113-15FC-411B-9A12-D216166B21E8}"
EndProject
Project("{FAE04EC0-301F-11D3-BF4B-00C04F79EFBC}") = "FactoryMethod", "FactoryMethod\FactoryMethod.csproj", "{EE781B97-6CE9-4E7B-9826-46D1F8F381B9}"
EndProject
Project("{FAE04EC0-301F-11D3-BF4B-00C04F79EFBC}") = "AbstractFactory", "AbstractFactory\AbstractFactory.csproj", "{6A06908E-A10F-4308-93B3-415ED21D7E44}"
EndProject
Project("{FAE04EC0-301F-11D3-BF4B-00C04F79EFBC}") = "Builder", "Builder\Builder.csproj", "{9B6389A3-AE5E-4A81-B120-6D99E7473200}"
EndProject
Global
	GlobalSection(SolutionConfigurationPlatforms) = preSolution
		Debug|Any CPU = Debug|Any CPU
		Debug|x64 = Debug|x64
		Debug|x86 = Debug|x86
		Release|Any CPU = Release|Any CPU
		Release|x64 = Release|x64
		Release|x86 = Release|x86
	EndGlobalSection
	GlobalSection(ProjectConfigurationPlatforms) = postSolution
		{8A648113-15FC-411B-9A12-D216166B21E8}.Debug|Any CPU.ActiveCfg = Debug|Any CPU
		{8A648113-15FC-411B-9A12-D216166B21E8}.Debug|Any CPU.Build.0 = Debug|Any CPU
		{8A648113-15FC-411B-9A12-D216166B21E8}.Debug|x64.ActiveCfg = Debug|Any CPU
		{8A648113-15FC-411B-9A12-D216166B21E8}.Debug|x64.Build.0 = Debug|Any CPU
		{8A648113-15FC-411B-9A12-D216166B21E8}.Debug|x86.ActiveCfg = Debug|Any CPU
		{8A648113-15FC-411B-9A12-D216166B21E8}.Debug|x86.Build.0 = Debug|Any CPU
		{8A648113-15FC-411B-9A12-D216166B21E8}.Release|Any CPU.ActiveCfg = Release|Any CPU
		{8A648113-15FC-411B-9A12-D216166B21E8}.Release|Any CPU.Build.0 = Release|Any CPU
		{8A648113-15FC-411B-9A12-D216166B21E8}.Release|x64.ActiveCfg = Release|Any CPU
		{8A648113-15FC-411B-9A12-D216166B21E8}.Release|x64.Build.0 = Release|Any CPU
		{8A648113-15FC-411B-9A12-D216166B21E8}.Release|x86.ActiveCfg = Release|Any CPU
		{8A648113-15FC-411B-9A12-D216166B21E8}.Release|x86.Build.0 = Release|Any CPU
		{EE781B97-6CE9-4E7B-9826-46D1F8F381B9}.Debug|Any CPU.ActiveCfg = Debug|Any CPU
		{EE781B97-6CE9-4E7B-9826-46D1F8F381B9}.Debug|Any CPU.Build.0 = Debug|Any CPU
		{EE781B97-6CE9-4E7B-9826-46D1F8F381B9}.Debug|x64.ActiveCfg = Debug|Any CPU
		{EE781B97-6CE9-4E7B-9826-46D1F8F381B9}.Debug|x64.Build.0 = Debug|Any CPU
		{EE781B97-6CE9-4E7B-9826-46D1F8F381B9}.Debug|x86.ActiveCfg = Debug|Any CPU
		{EE781B97-6CE9-4E7B-9826-46D1F8F381B9}.Debug|x86.Build.0 = Debug|Any CPU
		{EE781B97-6CE9-4E7B-9826-46D1F8F381B9}.Release|Any CPU.ActiveCfg = Release|Any CPU
		{EE781B97-6CE9-4E7B-9826-46D1F8F381B9}.Release|Any CPU.Build.0 = Release|Any CPU
		{EE781B97-6CE9-4E7B-9826-46D1F8F381B9}.Release|x64.ActiveCfg = Release|Any CPU
		{EE781B97-6CE9-4E7B-9826-46D1F8F381B9}.Release|x64.Build.0 = Release|Any CPU
		{EE781B97-6CE9-4E7B-9826-46D1F8F381B9}.Release|x86.ActiveCfg = Release|Any CPU
		{EE781B97-6CE9-4E7B-9826-46D1F8F381B9}.Release|x86.Build.0 = Release|Any CPU
		{6A06908E-A10F-4308-93B3-415ED21D7E44}.Debug|Any CPU.ActiveCfg = Debug|Any CPU
		{6A06908E-A10F-4308-93B3-415ED21D7E44}.Debug|Any CPU.Build.0 = Debug|Any CPU
		{6A06908E-A10F-4308-93B3-415ED21D7E44}.Debug|x64.ActiveCfg = Debug|Any CPU
		{6A06908E-A10F-4308-93B3-415ED21D7E44}.Debug|x64.Build.0 = Debug|Any CPU
		{6A06908E-A10F-4308-93B3-415ED21D7E44}.Debug|x86.ActiveCfg = Debug|Any CPU
		{6A06908E-A10F-4308-93B3-415ED21D7E44}.Debug|x86.Build.0 = Debug|Any CPU
		{6A06908E-A10F-4308-93B3-415ED21D7E44}.Release|Any CPU.ActiveCfg = Release|Any CPU
		{6A06908E-A10F-4308-93B3-415ED21D7E44}.Release|Any CPU.Build.0 = Release|Any CPU
		{6A06908E-A10F-4308-93B3-415ED21D7E44}.Release|x64.ActiveCfg = Release|Any CPU
		{6A06908E-A10F-4308-93B3-415ED21D7E44}.Release|x64.Build.0 = Release|Any CPU
		{6A06908E-A10F-4308-93B3-415ED21D7E44}.Release|x86.ActiveCfg = Release|Any CPU
		{6A06908E-A10F-4308-93B3-415ED21D7E44}.Release|x86.Build.0 = Release|Any CPU
		{9B6389A3-AE5E-4A81-B120-6D99E7473200}.Debug|Any CPU.ActiveCfg = Debug|Any CPU
		{9B6389A3-AE5E-4A81-B120-6D99E7473200}.Debug|Any CPU.Build.0 = Debug|Any CPU
		{9B6389A3-AE5E-4A81-B120-6D99E7473200}.Debug|x64.ActiveCfg = Debug|Any CPU
		{9B6389A3-AE5E-4A81-B120-6D99E7473200}.Debug|x64.Build.0 = Debug|Any CPU
		{9B6389A3-AE5E-4A81-B120-6D99E7473200}.Debug|x86.ActiveCfg = Debug|Any CPU
		{9B6389A3-AE5E-4A81-B120-6D99E7473200}.Debug|x86.Build.0 = Debug|Any CPU
		{9B6389A3-AE5E-4A81-B120-6D99E7473200}.Release|Any CPU.ActiveCfg = Release|Any CPU
		{9B6389A3-AE5E-4A81-B120-6D99E7473200}.Release|Any CPU.Build.0 = Release|Any CPU
		{9B6389A3-AE5E-4A81-B120-6D99E7473200}.Release|x64.ActiveCfg = Release|Any CPU
		{9B6389A3-AE5E-4A81-B120-6D99E7473200}.Release|x64.Build.0 = Release|Any CPU
		{9B6389A3-AE5E-4A81-B120-6D99E7473200}.Release|x86.ActiveCfg = Release|Any CPU
		{9B6389A3-AE5E-4A81-B120-6D99E7473200}.Release|x86.Build.0 = Release|Any CPU
	EndGlobalSection
	GlobalSection(SolutionProperties) = preSolution
		HideSolutionNode = FALSE
	EndGlobalSection
EndGlobal
